# This file was autogenerated by Stack.
# You should not edit this file by hand.
# For more information, please see the documentation at:
#   https://docs.haskellstack.org/en/stable/lock_files

packages:
- completed:
    commit: 03e96d08c1d4680025d475dd8a0fcca004ca85e4
    git: https://github.com/lsrcz/grisette.git
    name: grisette
    pantry-tree:
      sha256: 30a1b16b935d5eea177c7fa87c46c90993f013712ac5f5a5cdf0e3dbff1ca106
      size: 15664
    version: 0.5.0.0
  original:
    commit: 03e96d08c1d4680025d475dd8a0fcca004ca85e4
    git: https://github.com/lsrcz/grisette.git
snapshots:
- completed:
    sha256: 1b4c2669e26fa828451830ed4725e4d406acc25a1fa24fcc039465dd13d7a575
    size: 714100
    url: https://raw.githubusercontent.com/commercialhaskell/stackage-snapshots/master/lts/22/6.yaml
  original: lts-22.6
