# This file was autogenerated by Stack.
# You should not edit this file by hand.
# For more information, please see the documentation at:
#   https://docs.haskellstack.org/en/stable/lock_files

packages:
- completed:
    commit: e82c2d0f0c68ac5aa1abb3405a5dbc070edc9bfb
    git: https://github.com/lsrcz/grisette.git
    name: grisette
    pantry-tree:
      sha256: 9210a6e344ba67b52a372baaec77f41487121b922701ea571f813255a44e64d8
      size: 14785
    version: 0.4.1.0
  original:
    commit: e82c2d0f0c68ac5aa1abb3405a5dbc070edc9bfb
    git: https://github.com/lsrcz/grisette.git
snapshots:
- completed:
    sha256: 62f2f54aac083e25613ce5aefd04b390f1e8853631b2059e31d7a039e5f50e03
    size: 602427
    url: https://raw.githubusercontent.com/commercialhaskell/stackage-snapshots/master/nightly/2024/2/12.yaml
  original: nightly-2024-02-12
