# This file was autogenerated by Stack.
# You should not edit this file by hand.
# For more information, please see the documentation at:
#   https://docs.haskellstack.org/en/stable/lock_files

packages:
- completed:
    commit: e82c2d0f0c68ac5aa1abb3405a5dbc070edc9bfb
    git: https://github.com/lsrcz/grisette.git
    name: grisette
    pantry-tree:
      sha256: 9210a6e344ba67b52a372baaec77f41487121b922701ea571f813255a44e64d8
      size: 14785
    version: 0.4.1.0
  original:
    commit: e82c2d0f0c68ac5aa1abb3405a5dbc070edc9bfb
    git: https://github.com/lsrcz/grisette.git
snapshots:
- completed:
    sha256: 428ec8d5ce932190d3cbe266b9eb3c175cd81e984babf876b64019e2cbe4ea68
    size: 590100
    url: https://raw.githubusercontent.com/commercialhaskell/stackage-snapshots/master/lts/18/28.yaml
  original:
    url: https://raw.githubusercontent.com/commercialhaskell/stackage-snapshots/master/lts/18/28.yaml
