# This file was autogenerated by Stack.
# You should not edit this file by hand.
# For more information, please see the documentation at:
#   https://docs.haskellstack.org/en/stable/lock_files

packages:
- completed:
    commit: e82c2d0f0c68ac5aa1abb3405a5dbc070edc9bfb
    git: https://github.com/lsrcz/grisette.git
    name: grisette
    pantry-tree:
      sha256: 9210a6e344ba67b52a372baaec77f41487121b922701ea571f813255a44e64d8
      size: 14785
    version: 0.4.1.0
  original:
    commit: e82c2d0f0c68ac5aa1abb3405a5dbc070edc9bfb
    git: https://github.com/lsrcz/grisette.git
snapshots:
- completed:
    sha256: 5a59b2a405b3aba3c00188453be172b85893cab8ebc352b1ef58b0eae5d248a2
    size: 650475
    url: https://raw.githubusercontent.com/commercialhaskell/stackage-snapshots/master/lts/20/26.yaml
  original: lts-20.26
