# This file was autogenerated by Stack.
# You should not edit this file by hand.
# For more information, please see the documentation at:
#   https://docs.haskellstack.org/en/stable/lock_files

packages:
- completed:
    commit: 4c027bf27f36cd57c9000956cc0ab2a3531127cc
    git: https://github.com/lsrcz/grisette.git
    name: grisette
    pantry-tree:
      sha256: 255b6df7acf6211c8b634d753889b38f27fbc46af012f93879969c64b15fe1b2
      size: 16409
    version: 0.6.1.0
  original:
    commit: 4c027bf27f36cd57c9000956cc0ab2a3531127cc
    git: https://github.com/lsrcz/grisette.git
snapshots:
- completed:
    sha256: 5a59b2a405b3aba3c00188453be172b85893cab8ebc352b1ef58b0eae5d248a2
    size: 650475
    url: https://raw.githubusercontent.com/commercialhaskell/stackage-snapshots/master/lts/20/26.yaml
  original: lts-20.26
